PODS:
  - Flutter (1.0.0)
  - receive_sharing_intent (1.8.1):
    - Flutter

DEPENDENCIES:
  - Flutter (from `Flutter`)
  - receive_sharing_intent (from `.symlinks/plugins/receive_sharing_intent/ios`)

EXTERNAL SOURCES:
  Flutter:
    :path: Flutter
  receive_sharing_intent:
    :path: ".symlinks/plugins/receive_sharing_intent/ios"

SPEC CHECKSUMS:
  Flutter: cabc95a1d2626b1b06e7179b784ebcf0c0cde467
  receive_sharing_intent: 222384f00ffe7e952bbfabaa9e3967cb87e5fe00

PODFILE CHECKSUM: 3c63482e143d1b91d2d2560aee9fb04ecc74ac7e

COCOAPODS: 1.16.2
